<?xml version="1.0" encoding="utf-8"?>
<Project ToolsVersion="4.0" xmlns="http://schemas.microsoft.com/developer/msbuild/2003">
  <ItemGroup>
    <ClCompile Include="..\Classes\AppDelegate.cpp" />
    <ClCompile Include="..\Classes\ConfigParser.cpp" />
    <ClCompile Include="..\Classes\VisibleRect.cpp" />
    <ClCompile Include="..\Classes\PlayerMenuServiceProtocol.cpp">
      <Filter>service</Filter>
    </ClCompile>
    <ClCompile Include="..\Classes\PlayerProtocol.cpp">
      <Filter>service</Filter>
    </ClCompile>
    <ClCompile Include="..\Classes\PlayerServiceProtocol.cpp">
      <Filter>service</Filter>
    </ClCompile>
    <ClCompile Include="..\Classes\PlayerSettings.cpp">
      <Filter>service</Filter>
    </ClCompile>
    <ClCompile Include="..\Classes\PlayerTaskServiceProtocol.cpp">
      <Filter>service</Filter>
    </ClCompile>
    <ClCompile Include="..\Classes\PlayerUtils.cpp">
      <Filter>service</Filter>
    </ClCompile>
    <ClCompile Include="..\Classes\ProjectConfig\ProjectConfig.cpp">
      <Filter>service\ProjectConfig</Filter>
    </ClCompile>
    <ClCompile Include="..\Classes\ProjectConfig\SimulatorConfig.cpp">
      <Filter>service\ProjectConfig</Filter>
    </ClCompile>
    <ClCompile Include="PlayerEditBoxServiceWin.cpp">
      <Filter>service\win32</Filter>
    </ClCompile>
    <ClCompile Include="PlayerFileDialogServiceWin.cpp">
      <Filter>service\win32</Filter>
    </ClCompile>
    <ClCompile Include="PlayerMenuServiceWin.cpp">
      <Filter>service\win32</Filter>
    </ClCompile>
    <ClCompile Include="PlayerMessageBoxServiceWin.cpp">
      <Filter>service\win32</Filter>
    </ClCompile>
    <ClCompile Include="PlayerTaskServiceWin.cpp">
      <Filter>service\win32</Filter>
    </ClCompile>
    <ClCompile Include="stdafx.cpp">
      <Filter>service\win32</Filter>
    </ClCompile>
    <ClCompile Include="..\Classes\protobuf-lite\google\protobuf\stubs\atomicops_internals_x86_msvc.cc">
      <Filter>protobuf</Filter>
    </ClCompile>
    <ClCompile Include="..\Classes\protobuf-lite\google\protobuf\io\coded_stream.cc">
      <Filter>protobuf</Filter>
    </ClCompile>
    <ClCompile Include="..\Classes\protobuf-lite\google\protobuf\stubs\common.cc">
      <Filter>protobuf</Filter>
    </ClCompile>
    <ClCompile Include="..\Classes\protobuf-lite\google\protobuf\extension_set.cc">
      <Filter>protobuf</Filter>
    </ClCompile>
    <ClCompile Include="..\Classes\protobuf-lite\google\protobuf\generated_message_util.cc">
      <Filter>protobuf</Filter>
    </ClCompile>
    <ClCompile Include="..\Classes\protobuf-lite\google\protobuf\message_lite.cc">
      <Filter>protobuf</Filter>
    </ClCompile>
    <ClCompile Include="..\Classes\protobuf-lite\google\protobuf\stubs\once.cc">
      <Filter>protobuf</Filter>
    </ClCompile>
    <ClCompile Include="..\Classes\protobuf-lite\google\protobuf\repeated_field.cc">
      <Filter>protobuf</Filter>
    </ClCompile>
    <ClCompile Include="..\Classes\protobuf-lite\google\protobuf\stubs\stringprintf.cc">
      <Filter>protobuf</Filter>
    </ClCompile>
    <ClCompile Include="..\Classes\protobuf-lite\google\protobuf\wire_format_lite.cc">
      <Filter>protobuf</Filter>
    </ClCompile>
    <ClCompile Include="..\Classes\protobuf-lite\google\protobuf\io\zero_copy_stream.cc">
      <Filter>protobuf</Filter>
    </ClCompile>
    <ClCompile Include="..\Classes\protobuf-lite\google\protobuf\io\zero_copy_stream_impl_lite.cc">
      <Filter>protobuf</Filter>
    </ClCompile>
    <ClCompile Include="..\Classes\runtime\Landscape_png.cpp">
      <Filter>runtime</Filter>
    </ClCompile>
    <ClCompile Include="..\Classes\runtime\lua_debugger.c">
      <Filter>runtime</Filter>
    </ClCompile>
    <ClCompile Include="..\Classes\runtime\PlayDisable_png.cpp">
      <Filter>runtime</Filter>
    </ClCompile>
    <ClCompile Include="..\Classes\runtime\PlayEnable_png.cpp">
      <Filter>runtime</Filter>
    </ClCompile>
    <ClCompile Include="..\Classes\runtime\Portrait_png.cpp">
      <Filter>runtime</Filter>
    </ClCompile>
    <ClCompile Include="..\Classes\runtime\Protos.pb.cc">
      <Filter>runtime</Filter>
    </ClCompile>
    <ClCompile Include="..\Classes\runtime\Runtime.cpp">
      <Filter>runtime</Filter>
    </ClCompile>
    <ClCompile Include="Runtime_win32.cpp">
      <Filter>runtime</Filter>
    </ClCompile>
    <ClCompile Include="..\Classes\runtime\Shine_png.cpp">
      <Filter>runtime</Filter>
    </ClCompile>
    <ClCompile Include="PlayerWin.cpp">
      <Filter>service\win32</Filter>
    </ClCompile>
    <ClCompile Include="..\Classes\AppEvent.cpp">
      <Filter>service</Filter>
    </ClCompile>
    <ClCompile Include="..\Classes\AppLang.cpp">
      <Filter>service</Filter>
    </ClCompile>
    <ClCompile Include="..\Classes\runtime\ConnectWaitLayer.cpp">
      <Filter>runtime</Filter>
    </ClCompile>
    <ClCompile Include="..\Classes\runtime\ConsoleCommand.cpp">
      <Filter>runtime</Filter>
    </ClCompile>
    <ClCompile Include="..\Classes\runtime\FileServer.cpp">
      <Filter>runtime</Filter>
    </ClCompile>
    <ClCompile Include="..\Classes\Device-win32.cpp">
      <Filter>service\win32</Filter>
    </ClCompile>
    <ClCompile Include="..\Classes\network\CCHTTPRequest.cpp">
      <Filter>network</Filter>
    </ClCompile>
    <ClCompile Include="..\Classes\network\CCNetwork.cpp">
      <Filter>network</Filter>
    </ClCompile>
    <ClCompile Include="..\..\..\..\..\external\lua\tolua\tolua_event.c">
      <Filter>tolua</Filter>
    </ClCompile>
    <ClCompile Include="..\..\..\..\..\external\lua\tolua\tolua_is.c">
      <Filter>tolua</Filter>
    </ClCompile>
    <ClCompile Include="..\..\..\..\..\external\lua\tolua\tolua_map.c">
      <Filter>tolua</Filter>
    </ClCompile>
    <ClCompile Include="..\..\..\..\..\external\lua\tolua\tolua_push.c">
      <Filter>tolua</Filter>
    </ClCompile>
    <ClCompile Include="..\..\..\..\..\external\lua\tolua\tolua_to.c">
      <Filter>tolua</Filter>
    </ClCompile>
  </ItemGroup>
  <ItemGroup>
    <ClInclude Include="..\Classes\AppDelegate.h" />
    <ClInclude Include="..\Classes\ConfigParser.h" />
    <ClInclude Include="..\Classes\VisibleRect.h" />
    <ClInclude Include="resource.h" />
    <ClInclude Include="..\Classes\PlayerEditBoxServiceProtocol.h">
      <Filter>service</Filter>
    </ClInclude>
    <ClInclude Include="..\Classes\PlayerFileDialogServiceProtocol.h">
      <Filter>service</Filter>
    </ClInclude>
    <ClInclude Include="..\Classes\PlayerMenuServiceProtocol.h">
      <Filter>service</Filter>
    </ClInclude>
    <ClInclude Include="..\Classes\PlayerMessageBoxServiceProtocol.h">
      <Filter>service</Filter>
    </ClInclude>
    <ClInclude Include="..\Classes\PlayerProtocol.h">
      <Filter>service</Filter>
    </ClInclude>
    <ClInclude Include="..\Classes\PlayerServiceProtocol.h">
      <Filter>service</Filter>
    </ClInclude>
    <ClInclude Include="..\Classes\PlayerSettings.h">
      <Filter>service</Filter>
    </ClInclude>
    <ClInclude Include="..\Classes\PlayerTaskServiceProtocol.h">
      <Filter>service</Filter>
    </ClInclude>
    <ClInclude Include="..\Classes\PlayerUtils.h">
      <Filter>service</Filter>
    </ClInclude>
    <ClInclude Include="..\Classes\ProjectConfig\ProjectConfig.h">
      <Filter>service\ProjectConfig</Filter>
    </ClInclude>
    <ClInclude Include="..\Classes\ProjectConfig\SimulatorConfig.h">
      <Filter>service\ProjectConfig</Filter>
    </ClInclude>
    <ClInclude Include="PlayerEditBoxServiceWin.h">
      <Filter>service\win32</Filter>
    </ClInclude>
    <ClInclude Include="PlayerFileDialogServiceWin.h">
      <Filter>service\win32</Filter>
    </ClInclude>
    <ClInclude Include="PlayerMenuServiceWin.h">
      <Filter>service\win32</Filter>
    </ClInclude>
    <ClInclude Include="PlayerMessageBoxServiceWin.h">
      <Filter>service\win32</Filter>
    </ClInclude>
    <ClInclude Include="PlayerTaskServiceWin.h">
      <Filter>service\win32</Filter>
    </ClInclude>
    <ClInclude Include="stdafx.h">
      <Filter>service\win32</Filter>
    </ClInclude>
    <ClInclude Include="targetver.h">
      <Filter>service\win32</Filter>
    </ClInclude>
    <ClInclude Include="..\Classes\protobuf-lite\google\protobuf\stubs\atomicops.h">
      <Filter>protobuf</Filter>
    </ClInclude>
    <ClInclude Include="..\Classes\protobuf-lite\google\protobuf\stubs\atomicops_internals_x86_msvc.h">
      <Filter>protobuf</Filter>
    </ClInclude>
    <ClInclude Include="..\Classes\protobuf-lite\google\protobuf\io\coded_stream.h">
      <Filter>protobuf</Filter>
    </ClInclude>
    <ClInclude Include="..\Classes\protobuf-lite\google\protobuf\io\coded_stream_inl.h">
      <Filter>protobuf</Filter>
    </ClInclude>
    <ClInclude Include="..\Classes\protobuf-lite\google\protobuf\stubs\common.h">
      <Filter>protobuf</Filter>
    </ClInclude>
    <ClInclude Include="..\Classes\protobuf-lite\google\protobuf\extension_set.h">
      <Filter>protobuf</Filter>
    </ClInclude>
    <ClInclude Include="..\Classes\protobuf-lite\google\protobuf\generated_message_util.h">
      <Filter>protobuf</Filter>
    </ClInclude>
    <ClInclude Include="..\Classes\protobuf-lite\google\protobuf\stubs\hash.h">
      <Filter>protobuf</Filter>
    </ClInclude>
    <ClInclude Include="..\Classes\protobuf-lite\google\protobuf\stubs\map-util.h">
      <Filter>protobuf</Filter>
    </ClInclude>
    <ClInclude Include="..\Classes\protobuf-lite\google\protobuf\message_lite.h">
      <Filter>protobuf</Filter>
    </ClInclude>
    <ClInclude Include="..\Classes\protobuf-lite\google\protobuf\stubs\once.h">
      <Filter>protobuf</Filter>
    </ClInclude>
    <ClInclude Include="..\Classes\protobuf-lite\google\protobuf\stubs\platform_macros.h">
      <Filter>protobuf</Filter>
    </ClInclude>
    <ClInclude Include="..\Classes\protobuf-lite\google\protobuf\repeated_field.h">
      <Filter>protobuf</Filter>
    </ClInclude>
    <ClInclude Include="..\Classes\protobuf-lite\google\protobuf\stubs\stl_util.h">
      <Filter>protobuf</Filter>
    </ClInclude>
    <ClInclude Include="..\Classes\protobuf-lite\google\protobuf\stubs\stringprintf.h">
      <Filter>protobuf</Filter>
    </ClInclude>
    <ClInclude Include="..\Classes\protobuf-lite\google\protobuf\stubs\template_util.h">
      <Filter>protobuf</Filter>
    </ClInclude>
    <ClInclude Include="..\Classes\protobuf-lite\google\protobuf\stubs\type_traits.h">
      <Filter>protobuf</Filter>
    </ClInclude>
    <ClInclude Include="..\Classes\protobuf-lite\google\protobuf\wire_format_lite.h">
      <Filter>protobuf</Filter>
    </ClInclude>
    <ClInclude Include="..\Classes\protobuf-lite\google\protobuf\wire_format_lite_inl.h">
      <Filter>protobuf</Filter>
    </ClInclude>
    <ClInclude Include="..\Classes\protobuf-lite\google\protobuf\io\zero_copy_stream.h">
      <Filter>protobuf</Filter>
    </ClInclude>
    <ClInclude Include="..\Classes\protobuf-lite\google\protobuf\io\zero_copy_stream_impl_lite.h">
      <Filter>protobuf</Filter>
    </ClInclude>
    <ClInclude Include="..\Classes\runtime\lua_debugger.h">
      <Filter>runtime</Filter>
    </ClInclude>
    <ClInclude Include="..\Classes\runtime\Protos.pb.h">
      <Filter>runtime</Filter>
    </ClInclude>
    <ClInclude Include="..\Classes\runtime\ResData.h">
      <Filter>runtime</Filter>
    </ClInclude>
    <ClInclude Include="..\Classes\runtime\Runtime.h">
      <Filter>runtime</Filter>
    </ClInclude>
    <ClInclude Include="PlayerWin.h">
      <Filter>service\win32</Filter>
    </ClInclude>
    <ClInclude Include="..\Classes\AppEvent.h">
      <Filter>service</Filter>
    </ClInclude>
    <ClInclude Include="..\Classes\AppLang.h">
      <Filter>service</Filter>
    </ClInclude>
    <ClInclude Include="..\Classes\runtime\ConnectWaitLayer.h">
      <Filter>runtime</Filter>
    </ClInclude>
    <ClInclude Include="..\Classes\runtime\ConsoleCommand.h">
      <Filter>runtime</Filter>
    </ClInclude>
    <ClInclude Include="..\Classes\runtime\FileServer.h">
      <Filter>runtime</Filter>
    </ClInclude>
    <ClInclude Include="..\Classes\network\CCHTTPRequest.h">
      <Filter>network</Filter>
    </ClInclude>
    <ClInclude Include="..\Classes\network\CCHTTPRequestDelegate.h">
      <Filter>network</Filter>
    </ClInclude>
    <ClInclude Include="..\Classes\network\CCNetwork.h">
      <Filter>network</Filter>
    </ClInclude>
    <ClInclude Include="..\Classes\cocos2dx_extra.h" />
    <ClInclude Include="..\..\..\..\..\external\lua\tolua\tolua_event.h">
      <Filter>tolua</Filter>
    </ClInclude>
    <ClInclude Include="..\..\..\..\..\external\lua\tolua\tolua++.h">
      <Filter>tolua</Filter>
    </ClInclude>
  </ItemGroup>
  <ItemGroup>
    <ResourceCompile Include="game.rc" />
  </ItemGroup>
  <ItemGroup>
    <Image Include="res\game.ico" />
  </ItemGroup>
  <ItemGroup>
    <Filter Include="service">
      <UniqueIdentifier>{e40f63be-b58e-4d4e-8d1c-9adcf1982fae}</UniqueIdentifier>
    </Filter>
    <Filter Include="service\ProjectConfig">
      <UniqueIdentifier>{ed8b4b88-3d90-4ebe-b169-fe6cb99d872c}</UniqueIdentifier>
    </Filter>
    <Filter Include="service\win32">
      <UniqueIdentifier>{988c39d2-5974-4dd0-8085-5d8b111af9d3}</UniqueIdentifier>
    </Filter>
    <Filter Include="protobuf">
      <UniqueIdentifier>{92efd1b7-3459-4750-91f0-fc16251d4acd}</UniqueIdentifier>
    </Filter>
    <Filter Include="runtime">
      <UniqueIdentifier>{2c0b4c3b-89a1-4043-affc-1cd926f0f7b2}</UniqueIdentifier>
    </Filter>
    <Filter Include="network">
      <UniqueIdentifier>{bad2bafc-199e-495c-a25d-16a3f5153f66}</UniqueIdentifier>
    </Filter>
    <Filter Include="tolua">
      <UniqueIdentifier>{632e0b13-00fe-499c-a801-8041dcf765b9}</UniqueIdentifier>
    </Filter>
  </ItemGroup>
</Project>